PODS:
  - BitriseTrace (1.7.36):
    - BitriseTrace/Trace (= 1.7.36)
  - BitriseTrace/Trace (1.7.36):
    - BitriseTrace/TraceInternal
  - BitriseTrace/TraceInternal (1.7.36)

DEPENDENCIES:
  - BitriseTrace

SPEC REPOS:
  trunk:
    - BitriseTrace

SPEC CHECKSUMS:
  BitriseTrace: 95ce7ab83fcc75c199a2175a3f700803fe4bfcbb

PODFILE CHECKSUM: 1136fd3e4c79ce2a477818a3a524be0f26dea965

COCOAPODS: 1.10.1
